<?xml version="1.0" encoding="utf-8"?>
<Project ToolsVersion="4.0" xmlns="http://schemas.microsoft.com/developer/msbuild/2003">
  <ItemGroup>
    <Filter Include="Resource Files">
      <UniqueIdentifier>{67DA6AB6-F800-4c08-8B7A-83BB121AAD01}</UniqueIdentifier>
      <Extensions>rc;ico;cur;bmp;dlg;rc2;rct;bin;rgs;gif;jpg;jpeg;jpe;resx;tiff;tif;png;wav;mfcribbon-ms</Extensions>
    </Filter>
    <Filter Include="Source">
      <UniqueIdentifier>{401f92c1-63a4-4f40-bd53-9bd36de4b1fa}</UniqueIdentifier>
    </Filter>
    <Filter Include="Source\Game">
      <UniqueIdentifier>{f26d428c-b147-4585-a69f-b24d94a590b1}</UniqueIdentifier>
    </Filter>
    <Filter Include="Source\Game\Entities">
      <UniqueIdentifier>{7706b074-11a1-4fc2-bd72-ee002c6e97be}</UniqueIdentifier>
    </Filter>
    <Filter Include="Source\Game\Lua">
      <UniqueIdentifier>{7c44e8a2-e7f6-4cd7-a2dc-1f62124e15b5}</UniqueIdentifier>
    </Filter>
  </ItemGroup>
  <ItemGroup>
    <None Include="small.ico">
      <Filter>Resource Files</Filter>
    </None>
    <None Include="Abducted.ico">
      <Filter>Resource Files</Filter>
    </None>
  </ItemGroup>
  <ItemGroup>
    <ClInclude Include="Resource.h">
      <Filter>Resource Files</Filter>
    </ClInclude>
    <ClInclude Include="targetver.h">
      <Filter>Resource Files</Filter>
    </ClInclude>
    <ClInclude Include="..\..\Game\Entities\G_Exports.h">
      <Filter>Source\Game\Entities</Filter>
    </ClInclude>
    <ClInclude Include="..\..\Game\Entities\G_ViewController.h">
      <Filter>Source\Game\Entities</Filter>
    </ClInclude>
    <ClInclude Include="..\..\Game\Lua\G_SkModel.h">
      <Filter>Source\Game\Lua</Filter>
    </ClInclude>
    <ClInclude Include="..\..\AbductedApp.h">
      <Filter>Source</Filter>
    </ClInclude>
    <ClInclude Include="..\..\Game\AbductedGame.h">
      <Filter>Source\Game</Filter>
    </ClInclude>
    <ClInclude Include="..\..\Game\Entities\G_PlayerPawn.h">
      <Filter>Source\Game\Entities</Filter>
    </ClInclude>
    <ClInclude Include="..\..\Game\Entities\G_TouchTrigger.h">
      <Filter>Source\Game\Entities</Filter>
    </ClInclude>
    <ClInclude Include="..\..\Game\Entities\G_ManipulatableObject.h">
      <Filter>Source\Game\Entities</Filter>
    </ClInclude>
  </ItemGroup>
  <ItemGroup>
    <ResourceCompile Include="Abducted.rc">
      <Filter>Resource Files</Filter>
    </ResourceCompile>
  </ItemGroup>
  <ItemGroup>
    <ClCompile Include="..\..\Game\Entities\G_Exports.cpp">
      <Filter>Source\Game\Entities</Filter>
    </ClCompile>
    <ClCompile Include="..\..\Game\Entities\G_ViewController.cpp">
      <Filter>Source\Game\Entities</Filter>
    </ClCompile>
    <ClCompile Include="..\..\Game\Lua\G_SkModel.cpp">
      <Filter>Source\Game\Lua</Filter>
    </ClCompile>
    <ClCompile Include="..\..\AbductedApp.cpp">
      <Filter>Source</Filter>
    </ClCompile>
    <ClCompile Include="..\..\AbductedLauncher.cpp">
      <Filter>Source</Filter>
    </ClCompile>
    <ClCompile Include="..\..\Game\AbductedGame.cpp">
      <Filter>Source\Game</Filter>
    </ClCompile>
    <ClCompile Include="..\..\Game\Entities\G_PlayerPawn.cpp">
      <Filter>Source\Game\Entities</Filter>
    </ClCompile>
    <ClCompile Include="..\..\Game\Entities\G_TouchTrigger.cpp">
      <Filter>Source\Game\Entities</Filter>
    </ClCompile>
    <ClCompile Include="..\..\Game\Entities\G_ManipulatableObject.cpp">
      <Filter>Source\Game\Entities</Filter>
    </ClCompile>
  </ItemGroup>
  <ItemGroup>
    <QtMOC Include="..\..\AbductedLauncher.h">
      <Filter>Source</Filter>
    </QtMOC>
  </ItemGroup>
</Project>