<?xml version="1.0" encoding="utf-8"?>
<Project ToolsVersion="4.0" xmlns="http://schemas.microsoft.com/developer/msbuild/2003">
  <ItemGroup>
    <Filter Include="Source Files">
      <UniqueIdentifier>{4FC737F1-C7A5-4376-A066-2A32D752A2FF}</UniqueIdentifier>
      <Extensions>cpp;c;cc;cxx;def;odl;idl;hpj;bat;asm;asmx</Extensions>
    </Filter>
    <Filter Include="Resource Files">
      <UniqueIdentifier>{67DA6AB6-F800-4c08-8B7A-83BB121AAD01}</UniqueIdentifier>
      <Extensions>rc;ico;cur;bmp;dlg;rc2;rct;bin;rgs;gif;jpg;jpeg;jpe;resx;tiff;tif;png;wav</Extensions>
    </Filter>
    <Filter Include="jpeg">
      <UniqueIdentifier>{00a830a6-d02a-4d42-a07b-2e7c90762a48}</UniqueIdentifier>
    </Filter>
    <Filter Include="lua-5.1.5">
      <UniqueIdentifier>{cadc5ba3-cb83-4e11-b63f-93abbf871fbf}</UniqueIdentifier>
    </Filter>
  </ItemGroup>
  <ItemGroup>
    <ClCompile Include="Brush.cpp">
      <Filter>Source Files</Filter>
    </ClCompile>
    <ClCompile Include="HScrollListBox.cpp">
      <Filter>Source Files</Filter>
    </ClCompile>
    <ClCompile Include="Jpg.cpp">
      <Filter>Source Files</Filter>
    </ClCompile>
    <ClCompile Include="PakFile.cpp">
      <Filter>Source Files</Filter>
    </ClCompile>
    <ClCompile Include="Plugin.cpp">
      <Filter>Source Files</Filter>
    </ClCompile>
    <ClCompile Include="Quake.cpp">
      <Filter>Source Files</Filter>
    </ClCompile>
    <ClCompile Include="Quake2.cpp">
      <Filter>Source Files</Filter>
    </ClCompile>
    <ClCompile Include="Quake2Map.cpp">
      <Filter>Source Files</Filter>
    </ClCompile>
    <ClCompile Include="Quake2Pak.cpp">
      <Filter>Source Files</Filter>
    </ClCompile>
    <ClCompile Include="Quake3.cpp">
      <Filter>Source Files</Filter>
    </ClCompile>
    <ClCompile Include="Quake3Map.cpp">
      <Filter>Source Files</Filter>
    </ClCompile>
    <ClCompile Include="Quake3Pak.cpp">
      <Filter>Source Files</Filter>
    </ClCompile>
    <ClCompile Include="QuakeBuildOptionsDialog.cpp">
      <Filter>Source Files</Filter>
    </ClCompile>
    <ClCompile Include="QuakeConfig.cpp">
      <Filter>Source Files</Filter>
    </ClCompile>
    <ClCompile Include="QuakeMap.cpp">
      <Filter>Source Files</Filter>
    </ClCompile>
    <ClCompile Include="QuakePak.cpp">
      <Filter>Source Files</Filter>
    </ClCompile>
    <ClCompile Include="stdafx.cpp">
      <Filter>Source Files</Filter>
    </ClCompile>
    <ClCompile Include="TextureFactory.cpp">
      <Filter>Source Files</Filter>
    </ClCompile>
    <ClCompile Include="Tga.cpp">
      <Filter>Source Files</Filter>
    </ClCompile>
    <ClCompile Include="unzip.cpp">
      <Filter>Source Files</Filter>
    </ClCompile>
    <ClCompile Include="VertDrag3D_Manipulator.cpp">
      <Filter>Source Files</Filter>
    </ClCompile>
    <ClCompile Include="jpeg\ckconfig.c">
      <Filter>jpeg</Filter>
    </ClCompile>
    <ClCompile Include="jpeg\jcomapi.c">
      <Filter>jpeg</Filter>
    </ClCompile>
    <ClCompile Include="jpeg\jdapimin.c">
      <Filter>jpeg</Filter>
    </ClCompile>
    <ClCompile Include="jpeg\jdapistd.c">
      <Filter>jpeg</Filter>
    </ClCompile>
    <ClCompile Include="jpeg\jdatadst.c">
      <Filter>jpeg</Filter>
    </ClCompile>
    <ClCompile Include="jpeg\jdatasrc.c">
      <Filter>jpeg</Filter>
    </ClCompile>
    <ClCompile Include="jpeg\jdcoefct.c">
      <Filter>jpeg</Filter>
    </ClCompile>
    <ClCompile Include="jpeg\jdcolor.c">
      <Filter>jpeg</Filter>
    </ClCompile>
    <ClCompile Include="jpeg\jddctmgr.c">
      <Filter>jpeg</Filter>
    </ClCompile>
    <ClCompile Include="jpeg\jdhuff.c">
      <Filter>jpeg</Filter>
    </ClCompile>
    <ClCompile Include="jpeg\jdinput.c">
      <Filter>jpeg</Filter>
    </ClCompile>
    <ClCompile Include="jpeg\jdmainct.c">
      <Filter>jpeg</Filter>
    </ClCompile>
    <ClCompile Include="jpeg\jdmarker.c">
      <Filter>jpeg</Filter>
    </ClCompile>
    <ClCompile Include="jpeg\jdmaster.c">
      <Filter>jpeg</Filter>
    </ClCompile>
    <ClCompile Include="jpeg\jdmerge.c">
      <Filter>jpeg</Filter>
    </ClCompile>
    <ClCompile Include="jpeg\jdphuff.c">
      <Filter>jpeg</Filter>
    </ClCompile>
    <ClCompile Include="jpeg\jdpostct.c">
      <Filter>jpeg</Filter>
    </ClCompile>
    <ClCompile Include="jpeg\jdsample.c">
      <Filter>jpeg</Filter>
    </ClCompile>
    <ClCompile Include="jpeg\jdtrans.c">
      <Filter>jpeg</Filter>
    </ClCompile>
    <ClCompile Include="jpeg\jerror.c">
      <Filter>jpeg</Filter>
    </ClCompile>
    <ClCompile Include="jpeg\jfdctflt.c">
      <Filter>jpeg</Filter>
    </ClCompile>
    <ClCompile Include="jpeg\jfdctfst.c">
      <Filter>jpeg</Filter>
    </ClCompile>
    <ClCompile Include="jpeg\jfdctint.c">
      <Filter>jpeg</Filter>
    </ClCompile>
    <ClCompile Include="jpeg\jidctflt.c">
      <Filter>jpeg</Filter>
    </ClCompile>
    <ClCompile Include="jpeg\jidctfst.c">
      <Filter>jpeg</Filter>
    </ClCompile>
    <ClCompile Include="jpeg\jidctint.c">
      <Filter>jpeg</Filter>
    </ClCompile>
    <ClCompile Include="jpeg\jidctred.c">
      <Filter>jpeg</Filter>
    </ClCompile>
    <ClCompile Include="jpeg\jmemmgr.c">
      <Filter>jpeg</Filter>
    </ClCompile>
    <ClCompile Include="jpeg\jmemnobs.c">
      <Filter>jpeg</Filter>
    </ClCompile>
    <ClCompile Include="jpeg\jpgload.cpp">
      <Filter>jpeg</Filter>
    </ClCompile>
    <ClCompile Include="jpeg\jquant1.c">
      <Filter>jpeg</Filter>
    </ClCompile>
    <ClCompile Include="jpeg\jquant2.c">
      <Filter>jpeg</Filter>
    </ClCompile>
    <ClCompile Include="jpeg\jutils.c">
      <Filter>jpeg</Filter>
    </ClCompile>
    <ClCompile Include="Abducted.cpp">
      <Filter>Source Files</Filter>
    </ClCompile>
    <ClCompile Include="WaypointGrid.cpp">
      <Filter>Source Files</Filter>
    </ClCompile>
    <ClCompile Include="lua-5.1.5\Lua\bitop.c">
      <Filter>lua-5.1.5</Filter>
    </ClCompile>
    <ClCompile Include="lua-5.1.5\Lua\lapi.c">
      <Filter>lua-5.1.5</Filter>
    </ClCompile>
    <ClCompile Include="lua-5.1.5\Lua\lauxlib.c">
      <Filter>lua-5.1.5</Filter>
    </ClCompile>
    <ClCompile Include="lua-5.1.5\Lua\lbaselib.c">
      <Filter>lua-5.1.5</Filter>
    </ClCompile>
    <ClCompile Include="lua-5.1.5\Lua\lcode.c">
      <Filter>lua-5.1.5</Filter>
    </ClCompile>
    <ClCompile Include="lua-5.1.5\Lua\ldblib.c">
      <Filter>lua-5.1.5</Filter>
    </ClCompile>
    <ClCompile Include="lua-5.1.5\Lua\ldebug.c">
      <Filter>lua-5.1.5</Filter>
    </ClCompile>
    <ClCompile Include="lua-5.1.5\Lua\ldo.c">
      <Filter>lua-5.1.5</Filter>
    </ClCompile>
    <ClCompile Include="lua-5.1.5\Lua\ldump.c">
      <Filter>lua-5.1.5</Filter>
    </ClCompile>
    <ClCompile Include="lua-5.1.5\Lua\lfunc.c">
      <Filter>lua-5.1.5</Filter>
    </ClCompile>
    <ClCompile Include="lua-5.1.5\Lua\lgc.c">
      <Filter>lua-5.1.5</Filter>
    </ClCompile>
    <ClCompile Include="lua-5.1.5\Lua\linit.c">
      <Filter>lua-5.1.5</Filter>
    </ClCompile>
    <ClCompile Include="lua-5.1.5\Lua\liolib.c">
      <Filter>lua-5.1.5</Filter>
    </ClCompile>
    <ClCompile Include="lua-5.1.5\Lua\llex.c">
      <Filter>lua-5.1.5</Filter>
    </ClCompile>
    <ClCompile Include="lua-5.1.5\Lua\lmathlib.c">
      <Filter>lua-5.1.5</Filter>
    </ClCompile>
    <ClCompile Include="lua-5.1.5\Lua\lmem.c">
      <Filter>lua-5.1.5</Filter>
    </ClCompile>
    <ClCompile Include="lua-5.1.5\Lua\loadlib.c">
      <Filter>lua-5.1.5</Filter>
    </ClCompile>
    <ClCompile Include="lua-5.1.5\Lua\lobject.c">
      <Filter>lua-5.1.5</Filter>
    </ClCompile>
    <ClCompile Include="lua-5.1.5\Lua\lopcodes.c">
      <Filter>lua-5.1.5</Filter>
    </ClCompile>
    <ClCompile Include="lua-5.1.5\Lua\loslib.c">
      <Filter>lua-5.1.5</Filter>
    </ClCompile>
    <ClCompile Include="lua-5.1.5\Lua\lparser.c">
      <Filter>lua-5.1.5</Filter>
    </ClCompile>
    <ClCompile Include="lua-5.1.5\Lua\lstate.c">
      <Filter>lua-5.1.5</Filter>
    </ClCompile>
    <ClCompile Include="lua-5.1.5\Lua\lstring.c">
      <Filter>lua-5.1.5</Filter>
    </ClCompile>
    <ClCompile Include="lua-5.1.5\Lua\lstrlib.c">
      <Filter>lua-5.1.5</Filter>
    </ClCompile>
    <ClCompile Include="lua-5.1.5\Lua\ltable.c">
      <Filter>lua-5.1.5</Filter>
    </ClCompile>
    <ClCompile Include="lua-5.1.5\Lua\ltablib.c">
      <Filter>lua-5.1.5</Filter>
    </ClCompile>
    <ClCompile Include="lua-5.1.5\Lua\ltm.c">
      <Filter>lua-5.1.5</Filter>
    </ClCompile>
    <ClCompile Include="lua-5.1.5\Lua\lundump.c">
      <Filter>lua-5.1.5</Filter>
    </ClCompile>
    <ClCompile Include="lua-5.1.5\Lua\lvm.c">
      <Filter>lua-5.1.5</Filter>
    </ClCompile>
    <ClCompile Include="lua-5.1.5\Lua\lzio.c">
      <Filter>lua-5.1.5</Filter>
    </ClCompile>
    <ClCompile Include="RadianceMaterials.cpp">
      <Filter>Source Files</Filter>
    </ClCompile>
  </ItemGroup>
  <ItemGroup>
    <ClInclude Include="Brush.h">
      <Filter>Source Files</Filter>
    </ClInclude>
    <ClInclude Include="ByteParser.h">
      <Filter>Source Files</Filter>
    </ClInclude>
    <ClInclude Include="HScrollListBox.h">
      <Filter>Source Files</Filter>
    </ClInclude>
    <ClInclude Include="Jpg.h">
      <Filter>Source Files</Filter>
    </ClInclude>
    <ClInclude Include="PakFile.h">
      <Filter>Source Files</Filter>
    </ClInclude>
    <ClInclude Include="Quake.h">
      <Filter>Source Files</Filter>
    </ClInclude>
    <ClInclude Include="Quake2.h">
      <Filter>Source Files</Filter>
    </ClInclude>
    <ClInclude Include="Quake2Map.h">
      <Filter>Source Files</Filter>
    </ClInclude>
    <ClInclude Include="Quake2Pak.h">
      <Filter>Source Files</Filter>
    </ClInclude>
    <ClInclude Include="Quake3.h">
      <Filter>Source Files</Filter>
    </ClInclude>
    <ClInclude Include="Quake3Map.h">
      <Filter>Source Files</Filter>
    </ClInclude>
    <ClInclude Include="Quake3Pak.h">
      <Filter>Source Files</Filter>
    </ClInclude>
    <ClInclude Include="QuakeBuildOptionsDialog.h">
      <Filter>Source Files</Filter>
    </ClInclude>
    <ClInclude Include="QuakeConfig.h">
      <Filter>Source Files</Filter>
    </ClInclude>
    <ClInclude Include="QuakeMap.h">
      <Filter>Source Files</Filter>
    </ClInclude>
    <ClInclude Include="QuakePak.h">
      <Filter>Source Files</Filter>
    </ClInclude>
    <ClInclude Include="Resource.h">
      <Filter>Source Files</Filter>
    </ClInclude>
    <ClInclude Include="stdafx.h">
      <Filter>Source Files</Filter>
    </ClInclude>
    <ClInclude Include="TextureFactory.h">
      <Filter>Source Files</Filter>
    </ClInclude>
    <ClInclude Include="Tga.h">
      <Filter>Source Files</Filter>
    </ClInclude>
    <ClInclude Include="unzip.h">
      <Filter>Source Files</Filter>
    </ClInclude>
    <ClInclude Include="VertDrag3D_Manipulator.h">
      <Filter>Source Files</Filter>
    </ClInclude>
    <ClInclude Include="jpeg\jconfig.h">
      <Filter>jpeg</Filter>
    </ClInclude>
    <ClInclude Include="jpeg\jdct.h">
      <Filter>jpeg</Filter>
    </ClInclude>
    <ClInclude Include="jpeg\jdhuff.h">
      <Filter>jpeg</Filter>
    </ClInclude>
    <ClInclude Include="jpeg\jerror.h">
      <Filter>jpeg</Filter>
    </ClInclude>
    <ClInclude Include="jpeg\jinclude.h">
      <Filter>jpeg</Filter>
    </ClInclude>
    <ClInclude Include="jpeg\jmemsys.h">
      <Filter>jpeg</Filter>
    </ClInclude>
    <ClInclude Include="jpeg\jmorecfg.h">
      <Filter>jpeg</Filter>
    </ClInclude>
    <ClInclude Include="jpeg\jpegint.h">
      <Filter>jpeg</Filter>
    </ClInclude>
    <ClInclude Include="jpeg\jpeglib.h">
      <Filter>jpeg</Filter>
    </ClInclude>
    <ClInclude Include="jpeg\jversion.h">
      <Filter>jpeg</Filter>
    </ClInclude>
    <ClInclude Include="Abducted.h">
      <Filter>Source Files</Filter>
    </ClInclude>
    <ClInclude Include="WaypointGrid.h">
      <Filter>Source Files</Filter>
    </ClInclude>
    <ClInclude Include="lua-5.1.5\Lua\lzio.h">
      <Filter>lua-5.1.5</Filter>
    </ClInclude>
    <ClInclude Include="lua-5.1.5\Lua\lapi.h">
      <Filter>lua-5.1.5</Filter>
    </ClInclude>
    <ClInclude Include="lua-5.1.5\Lua\lauxlib.h">
      <Filter>lua-5.1.5</Filter>
    </ClInclude>
    <ClInclude Include="lua-5.1.5\Lua\lcode.h">
      <Filter>lua-5.1.5</Filter>
    </ClInclude>
    <ClInclude Include="lua-5.1.5\Lua\ldebug.h">
      <Filter>lua-5.1.5</Filter>
    </ClInclude>
    <ClInclude Include="lua-5.1.5\Lua\ldo.h">
      <Filter>lua-5.1.5</Filter>
    </ClInclude>
    <ClInclude Include="lua-5.1.5\Lua\lfunc.h">
      <Filter>lua-5.1.5</Filter>
    </ClInclude>
    <ClInclude Include="lua-5.1.5\Lua\lgc.h">
      <Filter>lua-5.1.5</Filter>
    </ClInclude>
    <ClInclude Include="lua-5.1.5\Lua\llex.h">
      <Filter>lua-5.1.5</Filter>
    </ClInclude>
    <ClInclude Include="lua-5.1.5\Lua\llimits.h">
      <Filter>lua-5.1.5</Filter>
    </ClInclude>
    <ClInclude Include="lua-5.1.5\Lua\lmem.h">
      <Filter>lua-5.1.5</Filter>
    </ClInclude>
    <ClInclude Include="lua-5.1.5\Lua\lobject.h">
      <Filter>lua-5.1.5</Filter>
    </ClInclude>
    <ClInclude Include="lua-5.1.5\Lua\lopcodes.h">
      <Filter>lua-5.1.5</Filter>
    </ClInclude>
    <ClInclude Include="lua-5.1.5\Lua\lparser.h">
      <Filter>lua-5.1.5</Filter>
    </ClInclude>
    <ClInclude Include="lua-5.1.5\Lua\lstate.h">
      <Filter>lua-5.1.5</Filter>
    </ClInclude>
    <ClInclude Include="lua-5.1.5\Lua\lstring.h">
      <Filter>lua-5.1.5</Filter>
    </ClInclude>
    <ClInclude Include="lua-5.1.5\Lua\ltable.h">
      <Filter>lua-5.1.5</Filter>
    </ClInclude>
    <ClInclude Include="lua-5.1.5\Lua\ltm.h">
      <Filter>lua-5.1.5</Filter>
    </ClInclude>
    <ClInclude Include="lua-5.1.5\Lua\luaconf.h">
      <Filter>lua-5.1.5</Filter>
    </ClInclude>
    <ClInclude Include="lua-5.1.5\Lua\lualib.h">
      <Filter>lua-5.1.5</Filter>
    </ClInclude>
    <ClInclude Include="lua-5.1.5\Lua\lundump.h">
      <Filter>lua-5.1.5</Filter>
    </ClInclude>
    <ClInclude Include="lua-5.1.5\Lua\lvm.h">
      <Filter>lua-5.1.5</Filter>
    </ClInclude>
    <ClInclude Include="RadianceMaterials.h">
      <Filter>Source Files</Filter>
    </ClInclude>
  </ItemGroup>
  <ItemGroup>
    <None Include="res\checkbuttons2.bmp">
      <Filter>Resource Files</Filter>
    </None>
    <None Include="res\QGames.rc2">
      <Filter>Resource Files</Filter>
    </None>
    <None Include="res\Halflife.pal" />
    <None Include="res\Kingpin.pal" />
    <None Include="res\q2colormap.pcx" />
    <None Include="res\Quake.pal" />
    <None Include="res\Quake2.pal" />
    <None Include="ReadMe.txt" />
  </ItemGroup>
  <ItemGroup>
    <ResourceCompile Include="QGames.rc">
      <Filter>Resource Files</Filter>
    </ResourceCompile>
  </ItemGroup>
</Project>